// !$*UTF8*$!
{
	archiveVersion = 1;
	classes = {
	};
	objectVersion = 51;
	objects = {

/* Begin PBXBuildFile section */
		C96C170AAB9844D33762ADAB /* Pods_Peynir.framework in Frameworks */ = {isa = PBXBuildFile; fileRef = A3BF68C65C0390DA464D0203 /* Pods_Peynir.framework */; };
		FD0705A3243D4611006AA1B7 /* Observable.swift in Sources */ = {isa = PBXBuildFile; fileRef = FD0705A2243D4611006AA1B7 /* Observable.swift */; };
		FD0A9A7523B02ADF00715BAD /* PostList.swift in Sources */ = {isa = PBXBuildFile; fileRef = FD0A9A7423B02ADF00715BAD /* PostList.swift */; };
		FD0A9A7723B02AF800715BAD /* Post.swift in Sources */ = {isa = PBXBuildFile; fileRef = FD0A9A7623B02AF800715BAD /* Post.swift */; };
		FD0A9A7923B02C5400715BAD /* PostListDataProvider.swift in Sources */ = {isa = PBXBuildFile; fileRef = FD0A9A7823B02C5400715BAD /* PostListDataProvider.swift */; };
		FD0A9A7B23B02F2500715BAD /* PostListViewController.swift in Sources */ = {isa = PBXBuildFile; fileRef = FD0A9A7A23B02F2500715BAD /* PostListViewController.swift */; };
		FD0A9A7D23B030E300715BAD /* TopicListActionHandler.swift in Sources */ = {isa = PBXBuildFile; fileRef = FD0A9A7C23B030E300715BAD /* TopicListActionHandler.swift */; };
		FD0A9A7F23B0329700715BAD /* PostListCoordinator.swift in Sources */ = {isa = PBXBuildFile; fileRef = FD0A9A7E23B0329700715BAD /* PostListCoordinator.swift */; };
		FD18AB7C23FB4F5900537D04 /* CategoryListCell.swift in Sources */ = {isa = PBXBuildFile; fileRef = FD18AB7B23FB4F5900537D04 /* CategoryListCell.swift */; };
		FD18AB7E23FB4F9F00537D04 /* CategoryListCellViewModel.swift in Sources */ = {isa = PBXBuildFile; fileRef = FD18AB7D23FB4F9F00537D04 /* CategoryListCellViewModel.swift */; };
		FD19C450239DC43500AFBE0E /* CategoryListCoordinator.swift in Sources */ = {isa = PBXBuildFile; fileRef = FD19C44F239DC43500AFBE0E /* CategoryListCoordinator.swift */; };
		FD19C452239DC54100AFBE0E /* SettingsCoordinator.swift in Sources */ = {isa = PBXBuildFile; fileRef = FD19C451239DC54100AFBE0E /* SettingsCoordinator.swift */; };
		FD19C454239DC93E00AFBE0E /* TopicListCoordinator.swift in Sources */ = {isa = PBXBuildFile; fileRef = FD19C453239DC93E00AFBE0E /* TopicListCoordinator.swift */; };
		FD19C456239DCA2C00AFBE0E /* TopicListViewController.swift in Sources */ = {isa = PBXBuildFile; fileRef = FD19C455239DCA2C00AFBE0E /* TopicListViewController.swift */; };
		FD19C45A239DCCF900AFBE0E /* CategoryListActionHandler.swift in Sources */ = {isa = PBXBuildFile; fileRef = FD19C459239DCCF900AFBE0E /* CategoryListActionHandler.swift */; };
		FD2937E823B999AD007F1AF9 /* PostCell.swift in Sources */ = {isa = PBXBuildFile; fileRef = FD2937E723B999AD007F1AF9 /* PostCell.swift */; };
		FD53DDDE238B585B000F341D /* LoginManager.swift in Sources */ = {isa = PBXBuildFile; fileRef = FD53DDDD238B585B000F341D /* LoginManager.swift */; };
		FD53DDE1238B5C63000F341D /* KeychainWrapper.swift in Sources */ = {isa = PBXBuildFile; fileRef = FD53DDE0238B5C63000F341D /* KeychainWrapper.swift */; };
		FD53DDE3238B5C89000F341D /* KeychainItemAccessibility.swift in Sources */ = {isa = PBXBuildFile; fileRef = FD53DDE2238B5C89000F341D /* KeychainItemAccessibility.swift */; };
		FD53DDE5238B5CAE000F341D /* UserInfoManager.swift in Sources */ = {isa = PBXBuildFile; fileRef = FD53DDE4238B5CAE000F341D /* UserInfoManager.swift */; };
		FD53DDE8238B5F8A000F341D /* LoginViewController.swift in Sources */ = {isa = PBXBuildFile; fileRef = FD53DDE7238B5F8A000F341D /* LoginViewController.swift */; };
		FD53DDEB238B6BE6000F341D /* MainCoordinator.swift in Sources */ = {isa = PBXBuildFile; fileRef = FD53DDEA238B6BE6000F341D /* MainCoordinator.swift */; };
		FD53DDED238B79A8000F341D /* HomeViewController.swift in Sources */ = {isa = PBXBuildFile; fileRef = FD53DDEC238B79A8000F341D /* HomeViewController.swift */; };
		FD54661D23A6CB85007556F2 /* Logging.swift in Sources */ = {isa = PBXBuildFile; fileRef = FD54661C23A6CB85007556F2 /* Logging.swift */; };
		FD5F001923A6E1BF00E319F3 /* DebugOptionsManager.swift in Sources */ = {isa = PBXBuildFile; fileRef = FD5F001823A6E1BF00E319F3 /* DebugOptionsManager.swift */; };
		FD5F74BD238B4CA100DCEED3 /* AppDelegate.swift in Sources */ = {isa = PBXBuildFile; fileRef = FD5F74BC238B4CA100DCEED3 /* AppDelegate.swift */; };
		FD5F74BF238B4CA100DCEED3 /* SceneDelegate.swift in Sources */ = {isa = PBXBuildFile; fileRef = FD5F74BE238B4CA100DCEED3 /* SceneDelegate.swift */; };
		FD5F74C1238B4CA100DCEED3 /* RootViewController.swift in Sources */ = {isa = PBXBuildFile; fileRef = FD5F74C0238B4CA100DCEED3 /* RootViewController.swift */; };
		FD5F74C7238B4CA100DCEED3 /* Peynir.xcdatamodeld in Sources */ = {isa = PBXBuildFile; fileRef = FD5F74C5238B4CA100DCEED3 /* Peynir.xcdatamodeld */; };
		FD5F74C9238B4CA200DCEED3 /* Assets.xcassets in Resources */ = {isa = PBXBuildFile; fileRef = FD5F74C8238B4CA200DCEED3 /* Assets.xcassets */; };
		FD5F74CC238B4CA200DCEED3 /* LaunchScreen.storyboard in Resources */ = {isa = PBXBuildFile; fileRef = FD5F74CA238B4CA200DCEED3 /* LaunchScreen.storyboard */; };
		FD5F74D7238B4CA200DCEED3 /* PeynirTests.swift in Sources */ = {isa = PBXBuildFile; fileRef = FD5F74D6238B4CA200DCEED3 /* PeynirTests.swift */; };
		FD5F74E2238B4CA200DCEED3 /* PeynirUITests.swift in Sources */ = {isa = PBXBuildFile; fileRef = FD5F74E1238B4CA200DCEED3 /* PeynirUITests.swift */; };
		FD61ADC024CE99C100FEAF8E /* Array+Extensions.swift in Sources */ = {isa = PBXBuildFile; fileRef = FD61ADBF24CE99C100FEAF8E /* Array+Extensions.swift */; };
		FD65030423BAC01900F110C5 /* NetworkImageView.swift in Sources */ = {isa = PBXBuildFile; fileRef = FD65030323BAC01900F110C5 /* NetworkImageView.swift */; };
		FD65030623BAC1F200F110C5 /* UIView+Extensions.swift in Sources */ = {isa = PBXBuildFile; fileRef = FD65030523BAC1F200F110C5 /* UIView+Extensions.swift */; };
		FD65030923BAC9E400F110C5 /* PostMetadataView.swift in Sources */ = {isa = PBXBuildFile; fileRef = FD65030823BAC9E400F110C5 /* PostMetadataView.swift */; };
		FD6F7E6223CB96040042C513 /* PostMetadataViewModel.swift in Sources */ = {isa = PBXBuildFile; fileRef = FD6F7E6123CB96040042C513 /* PostMetadataViewModel.swift */; };
		FD71123A23B9981000B24384 /* PostContentView.swift in Sources */ = {isa = PBXBuildFile; fileRef = FD71123923B9981000B24384 /* PostContentView.swift */; };
		FD8161F2239C681C005F65B2 /* TopicListDataProvider.swift in Sources */ = {isa = PBXBuildFile; fileRef = FD8161F1239C681C005F65B2 /* TopicListDataProvider.swift */; };
		FD8161F4239C6841005F65B2 /* Topic.swift in Sources */ = {isa = PBXBuildFile; fileRef = FD8161F3239C6841005F65B2 /* Topic.swift */; };
		FD8161F6239C6AC4005F65B2 /* TopicList.swift in Sources */ = {isa = PBXBuildFile; fileRef = FD8161F5239C6AC4005F65B2 /* TopicList.swift */; };
		FD81F64C24E8FF11009CFE1B /* WebSnapshotManager.swift in Sources */ = {isa = PBXBuildFile; fileRef = FD81F64B24E8FF11009CFE1B /* WebSnapshotManager.swift */; };
		FD8E404425B0161D0078B68A /* TopicListTableViewCell.swift in Sources */ = {isa = PBXBuildFile; fileRef = FD8E404325B0161D0078B68A /* TopicListTableViewCell.swift */; };
		FD8E404F25B016B60078B68A /* TopicListTableViewCellViewModel.swift in Sources */ = {isa = PBXBuildFile; fileRef = FD8E404E25B016B60078B68A /* TopicListTableViewCellViewModel.swift */; };
		FD9A665C2394B6AB00A10060 /* String+Extensions.swift in Sources */ = {isa = PBXBuildFile; fileRef = FD9A665B2394B6AB00A10060 /* String+Extensions.swift */; };
		FD9A665E2394B6EA00A10060 /* Result+Extensions.swift in Sources */ = {isa = PBXBuildFile; fileRef = FD9A665D2394B6EA00A10060 /* Result+Extensions.swift */; };
		FDCA867A2394395400E41718 /* JSON.swift in Sources */ = {isa = PBXBuildFile; fileRef = FDCA86792394395400E41718 /* JSON.swift */; };
		FDCA86862394764400E41718 /* NetworkManager.swift in Sources */ = {isa = PBXBuildFile; fileRef = FDCA86852394764400E41718 /* NetworkManager.swift */; };
		FDCA86892394964A00E41718 /* CategoryListViewController.swift in Sources */ = {isa = PBXBuildFile; fileRef = FDCA86882394964A00E41718 /* CategoryListViewController.swift */; };
		FDCA868C239496B000E41718 /* DataProvider.swift in Sources */ = {isa = PBXBuildFile; fileRef = FDCA868B239496B000E41718 /* DataProvider.swift */; };
		FDCA868E2394980400E41718 /* CategoryListDataProvider.swift in Sources */ = {isa = PBXBuildFile; fileRef = FDCA868D2394980400E41718 /* CategoryListDataProvider.swift */; };
		FDCA86902394987600E41718 /* APIClient.swift in Sources */ = {isa = PBXBuildFile; fileRef = FDCA868F2394987600E41718 /* APIClient.swift */; };
		FDCA86942394A05500E41718 /* Category.swift in Sources */ = {isa = PBXBuildFile; fileRef = FDCA86932394A05500E41718 /* Category.swift */; };
		FDCA86962394A07D00E41718 /* CategoryList.swift in Sources */ = {isa = PBXBuildFile; fileRef = FDCA86952394A07D00E41718 /* CategoryList.swift */; };
		FDDF124223CBAB5A0061AD3D /* TimeFormatter.swift in Sources */ = {isa = PBXBuildFile; fileRef = FDDF124123CBAB590061AD3D /* TimeFormatter.swift */; };
		FDEE268025B0CD3C00E644D0 /* CacheManagerInterface.swift in Sources */ = {isa = PBXBuildFile; fileRef = FDEE267F25B0CD3C00E644D0 /* CacheManagerInterface.swift */; };
/* End PBXBuildFile section */

/* Begin PBXContainerItemProxy section */
		FD5F74D3238B4CA200DCEED3 /* PBXContainerItemProxy */ = {
			isa = PBXContainerItemProxy;
			containerPortal = FD5F74B1238B4CA100DCEED3 /* Project object */;
			proxyType = 1;
			remoteGlobalIDString = FD5F74B8238B4CA100DCEED3;
			remoteInfo = Peynir;
		};
		FD5F74DE238B4CA200DCEED3 /* PBXContainerItemProxy */ = {
			isa = PBXContainerItemProxy;
			containerPortal = FD5F74B1238B4CA100DCEED3 /* Project object */;
			proxyType = 1;
			remoteGlobalIDString = FD5F74B8238B4CA100DCEED3;
			remoteInfo = Peynir;
		};
/* End PBXContainerItemProxy section */

/* Begin PBXFileReference section */
		1C516DE7E4752814F7B71AE4 /* Pods-Peynir.release.xcconfig */ = {isa = PBXFileReference; includeInIndex = 1; lastKnownFileType = text.xcconfig; name = "Pods-Peynir.release.xcconfig"; path = "Target Support Files/Pods-Peynir/Pods-Peynir.release.xcconfig"; sourceTree = "<group>"; };
		A3BF68C65C0390DA464D0203 /* Pods_Peynir.framework */ = {isa = PBXFileReference; explicitFileType = wrapper.framework; includeInIndex = 0; path = Pods_Peynir.framework; sourceTree = BUILT_PRODUCTS_DIR; };
		B29A5A7FD7140D04D1A9C456 /* Pods-Peynir.debug.xcconfig */ = {isa = PBXFileReference; includeInIndex = 1; lastKnownFileType = text.xcconfig; name = "Pods-Peynir.debug.xcconfig"; path = "Target Support Files/Pods-Peynir/Pods-Peynir.debug.xcconfig"; sourceTree = "<group>"; };
		FD0705A2243D4611006AA1B7 /* Observable.swift */ = {isa = PBXFileReference; lastKnownFileType = sourcecode.swift; path = Observable.swift; sourceTree = "<group>"; };
		FD0A9A7423B02ADF00715BAD /* PostList.swift */ = {isa = PBXFileReference; lastKnownFileType = sourcecode.swift; path = PostList.swift; sourceTree = "<group>"; };
		FD0A9A7623B02AF800715BAD /* Post.swift */ = {isa = PBXFileReference; lastKnownFileType = sourcecode.swift; path = Post.swift; sourceTree = "<group>"; };
		FD0A9A7823B02C5400715BAD /* PostListDataProvider.swift */ = {isa = PBXFileReference; lastKnownFileType = sourcecode.swift; path = PostListDataProvider.swift; sourceTree = "<group>"; };
		FD0A9A7A23B02F2500715BAD /* PostListViewController.swift */ = {isa = PBXFileReference; lastKnownFileType = sourcecode.swift; path = PostListViewController.swift; sourceTree = "<group>"; };
		FD0A9A7C23B030E300715BAD /* TopicListActionHandler.swift */ = {isa = PBXFileReference; lastKnownFileType = sourcecode.swift; path = TopicListActionHandler.swift; sourceTree = "<group>"; };
		FD0A9A7E23B0329700715BAD /* PostListCoordinator.swift */ = {isa = PBXFileReference; lastKnownFileType = sourcecode.swift; path = PostListCoordinator.swift; sourceTree = "<group>"; };
		FD18AB7B23FB4F5900537D04 /* CategoryListCell.swift */ = {isa = PBXFileReference; lastKnownFileType = sourcecode.swift; path = CategoryListCell.swift; sourceTree = "<group>"; };
		FD18AB7D23FB4F9F00537D04 /* CategoryListCellViewModel.swift */ = {isa = PBXFileReference; lastKnownFileType = sourcecode.swift; path = CategoryListCellViewModel.swift; sourceTree = "<group>"; };
		FD19C44F239DC43500AFBE0E /* CategoryListCoordinator.swift */ = {isa = PBXFileReference; lastKnownFileType = sourcecode.swift; path = CategoryListCoordinator.swift; sourceTree = "<group>"; };
		FD19C451239DC54100AFBE0E /* SettingsCoordinator.swift */ = {isa = PBXFileReference; lastKnownFileType = sourcecode.swift; path = SettingsCoordinator.swift; sourceTree = "<group>"; };
		FD19C453239DC93E00AFBE0E /* TopicListCoordinator.swift */ = {isa = PBXFileReference; lastKnownFileType = sourcecode.swift; path = TopicListCoordinator.swift; sourceTree = "<group>"; };
		FD19C455239DCA2C00AFBE0E /* TopicListViewController.swift */ = {isa = PBXFileReference; lastKnownFileType = sourcecode.swift; path = TopicListViewController.swift; sourceTree = "<group>"; };
		FD19C459239DCCF900AFBE0E /* CategoryListActionHandler.swift */ = {isa = PBXFileReference; lastKnownFileType = sourcecode.swift; path = CategoryListActionHandler.swift; sourceTree = "<group>"; };
		FD2937E723B999AD007F1AF9 /* PostCell.swift */ = {isa = PBXFileReference; lastKnownFileType = sourcecode.swift; path = PostCell.swift; sourceTree = "<group>"; };
		FD53DDDD238B585B000F341D /* LoginManager.swift */ = {isa = PBXFileReference; lastKnownFileType = sourcecode.swift; path = LoginManager.swift; sourceTree = "<group>"; };
		FD53DDE0238B5C63000F341D /* KeychainWrapper.swift */ = {isa = PBXFileReference; lastKnownFileType = sourcecode.swift; path = KeychainWrapper.swift; sourceTree = "<group>"; };
		FD53DDE2238B5C89000F341D /* KeychainItemAccessibility.swift */ = {isa = PBXFileReference; lastKnownFileType = sourcecode.swift; path = KeychainItemAccessibility.swift; sourceTree = "<group>"; };
		FD53DDE4238B5CAE000F341D /* UserInfoManager.swift */ = {isa = PBXFileReference; lastKnownFileType = sourcecode.swift; path = UserInfoManager.swift; sourceTree = "<group>"; };
		FD53DDE7238B5F8A000F341D /* LoginViewController.swift */ = {isa = PBXFileReference; lastKnownFileType = sourcecode.swift; path = LoginViewController.swift; sourceTree = "<group>"; };
		FD53DDEA238B6BE6000F341D /* MainCoordinator.swift */ = {isa = PBXFileReference; lastKnownFileType = sourcecode.swift; path = MainCoordinator.swift; sourceTree = "<group>"; };
		FD53DDEC238B79A8000F341D /* HomeViewController.swift */ = {isa = PBXFileReference; lastKnownFileType = sourcecode.swift; path = HomeViewController.swift; sourceTree = "<group>"; };
		FD54661C23A6CB85007556F2 /* Logging.swift */ = {isa = PBXFileReference; lastKnownFileType = sourcecode.swift; path = Logging.swift; sourceTree = "<group>"; };
		FD5F001823A6E1BF00E319F3 /* DebugOptionsManager.swift */ = {isa = PBXFileReference; lastKnownFileType = sourcecode.swift; path = DebugOptionsManager.swift; sourceTree = "<group>"; };
		FD5F74B9238B4CA100DCEED3 /* Peynir.app */ = {isa = PBXFileReference; explicitFileType = wrapper.application; includeInIndex = 0; path = Peynir.app; sourceTree = BUILT_PRODUCTS_DIR; };
		FD5F74BC238B4CA100DCEED3 /* AppDelegate.swift */ = {isa = PBXFileReference; lastKnownFileType = sourcecode.swift; path = AppDelegate.swift; sourceTree = "<group>"; };
		FD5F74BE238B4CA100DCEED3 /* SceneDelegate.swift */ = {isa = PBXFileReference; lastKnownFileType = sourcecode.swift; path = SceneDelegate.swift; sourceTree = "<group>"; };
		FD5F74C0238B4CA100DCEED3 /* RootViewController.swift */ = {isa = PBXFileReference; lastKnownFileType = sourcecode.swift; path = RootViewController.swift; sourceTree = "<group>"; };
		FD5F74C6238B4CA100DCEED3 /* Peynir.xcdatamodel */ = {isa = PBXFileReference; lastKnownFileType = wrapper.xcdatamodel; path = Peynir.xcdatamodel; sourceTree = "<group>"; };
		FD5F74C8238B4CA200DCEED3 /* Assets.xcassets */ = {isa = PBXFileReference; lastKnownFileType = folder.assetcatalog; path = Assets.xcassets; sourceTree = "<group>"; };
		FD5F74CB238B4CA200DCEED3 /* Base */ = {isa = PBXFileReference; lastKnownFileType = file.storyboard; name = Base; path = Base.lproj/LaunchScreen.storyboard; sourceTree = "<group>"; };
		FD5F74CD238B4CA200DCEED3 /* Info.plist */ = {isa = PBXFileReference; lastKnownFileType = text.plist.xml; path = Info.plist; sourceTree = "<group>"; };
		FD5F74D2238B4CA200DCEED3 /* PeynirTests.xctest */ = {isa = PBXFileReference; explicitFileType = wrapper.cfbundle; includeInIndex = 0; path = PeynirTests.xctest; sourceTree = BUILT_PRODUCTS_DIR; };
		FD5F74D6238B4CA200DCEED3 /* PeynirTests.swift */ = {isa = PBXFileReference; lastKnownFileType = sourcecode.swift; path = PeynirTests.swift; sourceTree = "<group>"; };
		FD5F74D8238B4CA200DCEED3 /* Info.plist */ = {isa = PBXFileReference; lastKnownFileType = text.plist.xml; path = Info.plist; sourceTree = "<group>"; };
		FD5F74DD238B4CA200DCEED3 /* PeynirUITests.xctest */ = {isa = PBXFileReference; explicitFileType = wrapper.cfbundle; includeInIndex = 0; path = PeynirUITests.xctest; sourceTree = BUILT_PRODUCTS_DIR; };
		FD5F74E1238B4CA200DCEED3 /* PeynirUITests.swift */ = {isa = PBXFileReference; lastKnownFileType = sourcecode.swift; path = PeynirUITests.swift; sourceTree = "<group>"; };
		FD5F74E3238B4CA200DCEED3 /* Info.plist */ = {isa = PBXFileReference; lastKnownFileType = text.plist.xml; path = Info.plist; sourceTree = "<group>"; };
		FD61ADBF24CE99C100FEAF8E /* Array+Extensions.swift */ = {isa = PBXFileReference; lastKnownFileType = sourcecode.swift; path = "Array+Extensions.swift"; sourceTree = "<group>"; };
		FD65030323BAC01900F110C5 /* NetworkImageView.swift */ = {isa = PBXFileReference; lastKnownFileType = sourcecode.swift; path = NetworkImageView.swift; sourceTree = "<group>"; };
		FD65030523BAC1F200F110C5 /* UIView+Extensions.swift */ = {isa = PBXFileReference; lastKnownFileType = sourcecode.swift; path = "UIView+Extensions.swift"; sourceTree = "<group>"; };
		FD65030823BAC9E400F110C5 /* PostMetadataView.swift */ = {isa = PBXFileReference; lastKnownFileType = sourcecode.swift; path = PostMetadataView.swift; sourceTree = "<group>"; };
		FD6F7E6123CB96040042C513 /* PostMetadataViewModel.swift */ = {isa = PBXFileReference; lastKnownFileType = sourcecode.swift; path = PostMetadataViewModel.swift; sourceTree = "<group>"; };
		FD71123923B9981000B24384 /* PostContentView.swift */ = {isa = PBXFileReference; lastKnownFileType = sourcecode.swift; path = PostContentView.swift; sourceTree = "<group>"; };
		FD8161F1239C681C005F65B2 /* TopicListDataProvider.swift */ = {isa = PBXFileReference; lastKnownFileType = sourcecode.swift; path = TopicListDataProvider.swift; sourceTree = "<group>"; };
		FD8161F3239C6841005F65B2 /* Topic.swift */ = {isa = PBXFileReference; lastKnownFileType = sourcecode.swift; path = Topic.swift; sourceTree = "<group>"; };
		FD8161F5239C6AC4005F65B2 /* TopicList.swift */ = {isa = PBXFileReference; lastKnownFileType = sourcecode.swift; path = TopicList.swift; sourceTree = "<group>"; };
		FD81F64B24E8FF11009CFE1B /* WebSnapshotManager.swift */ = {isa = PBXFileReference; lastKnownFileType = sourcecode.swift; path = WebSnapshotManager.swift; sourceTree = "<group>"; };
		FD8E404325B0161D0078B68A /* TopicListTableViewCell.swift */ = {isa = PBXFileReference; lastKnownFileType = sourcecode.swift; path = TopicListTableViewCell.swift; sourceTree = "<group>"; };
		FD8E404E25B016B60078B68A /* TopicListTableViewCellViewModel.swift */ = {isa = PBXFileReference; lastKnownFileType = sourcecode.swift; path = TopicListTableViewCellViewModel.swift; sourceTree = "<group>"; };
		FD9A665B2394B6AB00A10060 /* String+Extensions.swift */ = {isa = PBXFileReference; lastKnownFileType = sourcecode.swift; path = "String+Extensions.swift"; sourceTree = "<group>"; };
		FD9A665D2394B6EA00A10060 /* Result+Extensions.swift */ = {isa = PBXFileReference; lastKnownFileType = sourcecode.swift; path = "Result+Extensions.swift"; sourceTree = "<group>"; };
		FDCA86792394395400E41718 /* JSON.swift */ = {isa = PBXFileReference; lastKnownFileType = sourcecode.swift; path = JSON.swift; sourceTree = "<group>"; };
		FDCA868223944F3500E41718 /* Peynir.entitlements */ = {isa = PBXFileReference; lastKnownFileType = text.plist.entitlements; path = Peynir.entitlements; sourceTree = "<group>"; };
		FDCA86852394764400E41718 /* NetworkManager.swift */ = {isa = PBXFileReference; lastKnownFileType = sourcecode.swift; path = NetworkManager.swift; sourceTree = "<group>"; };
		FDCA86882394964A00E41718 /* CategoryListViewController.swift */ = {isa = PBXFileReference; lastKnownFileType = sourcecode.swift; path = CategoryListViewController.swift; sourceTree = "<group>"; };
		FDCA868B239496B000E41718 /* DataProvider.swift */ = {isa = PBXFileReference; lastKnownFileType = sourcecode.swift; path = DataProvider.swift; sourceTree = "<group>"; };
		FDCA868D2394980400E41718 /* CategoryListDataProvider.swift */ = {isa = PBXFileReference; lastKnownFileType = sourcecode.swift; path = CategoryListDataProvider.swift; sourceTree = "<group>"; };
		FDCA868F2394987600E41718 /* APIClient.swift */ = {isa = PBXFileReference; lastKnownFileType = sourcecode.swift; path = APIClient.swift; sourceTree = "<group>"; };
		FDCA86932394A05500E41718 /* Category.swift */ = {isa = PBXFileReference; lastKnownFileType = sourcecode.swift; path = Category.swift; sourceTree = "<group>"; };
		FDCA86952394A07D00E41718 /* CategoryList.swift */ = {isa = PBXFileReference; lastKnownFileType = sourcecode.swift; path = CategoryList.swift; sourceTree = "<group>"; };
		FDDF124123CBAB590061AD3D /* TimeFormatter.swift */ = {isa = PBXFileReference; lastKnownFileType = sourcecode.swift; path = TimeFormatter.swift; sourceTree = "<group>"; };
		FDEE267F25B0CD3C00E644D0 /* CacheManagerInterface.swift */ = {isa = PBXFileReference; lastKnownFileType = sourcecode.swift; path = CacheManagerInterface.swift; sourceTree = "<group>"; };
/* End PBXFileReference section */

/* Begin PBXFrameworksBuildPhase section */
		FD5F74B6238B4CA100DCEED3 /* Frameworks */ = {
			isa = PBXFrameworksBuildPhase;
			buildActionMask = 2147483647;
			files = (
				C96C170AAB9844D33762ADAB /* Pods_Peynir.framework in Frameworks */,
			);
			runOnlyForDeploymentPostprocessing = 0;
		};
		FD5F74CF238B4CA200DCEED3 /* Frameworks */ = {
			isa = PBXFrameworksBuildPhase;
			buildActionMask = 2147483647;
			files = (
			);
			runOnlyForDeploymentPostprocessing = 0;
		};
		FD5F74DA238B4CA200DCEED3 /* Frameworks */ = {
			isa = PBXFrameworksBuildPhase;
			buildActionMask = 2147483647;
			files = (
			);
			runOnlyForDeploymentPostprocessing = 0;
		};
/* End PBXFrameworksBuildPhase section */

/* Begin PBXGroup section */
		74F381F00F1D55DE266B7890 /* Frameworks */ = {
			isa = PBXGroup;
			children = (
				A3BF68C65C0390DA464D0203 /* Pods_Peynir.framework */,
			);
			name = Frameworks;
			sourceTree = "<group>";
		};
		C1CE56807BCCBBC45E9B1115 /* Pods */ = {
			isa = PBXGroup;
			children = (
				B29A5A7FD7140D04D1A9C456 /* Pods-Peynir.debug.xcconfig */,
				1C516DE7E4752814F7B71AE4 /* Pods-Peynir.release.xcconfig */,
			);
			path = Pods;
			sourceTree = "<group>";
		};
		FD0705A1243D4600006AA1B7 /* Observable */ = {
			isa = PBXGroup;
			children = (
				FD0705A2243D4611006AA1B7 /* Observable.swift */,
			);
			path = Observable;
			sourceTree = "<group>";
		};
		FD18AB7A23FB4F4300537D04 /* CategoryList */ = {
			isa = PBXGroup;
			children = (
				FDCA86882394964A00E41718 /* CategoryListViewController.swift */,
				FD18AB7B23FB4F5900537D04 /* CategoryListCell.swift */,
				FD18AB7D23FB4F9F00537D04 /* CategoryListCellViewModel.swift */,
			);
			path = CategoryList;
			sourceTree = "<group>";
		};
		FD19C458239DCCDB00AFBE0E /* Data Actions */ = {
			isa = PBXGroup;
			children = (
				FD19C459239DCCF900AFBE0E /* CategoryListActionHandler.swift */,
				FD0A9A7C23B030E300715BAD /* TopicListActionHandler.swift */,
			);
			path = "Data Actions";
			sourceTree = "<group>";
		};
		FD53DDDC238B584A000F341D /* Managers */ = {
			isa = PBXGroup;
			children = (
				FDEE267E25B0CCA300E644D0 /* Cache */,
				FD53DDDD238B585B000F341D /* LoginManager.swift */,
				FD53DDE4238B5CAE000F341D /* UserInfoManager.swift */,
				FDCA86852394764400E41718 /* NetworkManager.swift */,
				FD81F64B24E8FF11009CFE1B /* WebSnapshotManager.swift */,
			);
			path = Managers;
			sourceTree = "<group>";
		};
		FD53DDDF238B5C3C000F341D /* SwiftKeychainWrapper */ = {
			isa = PBXGroup;
			children = (
				FD53DDE0238B5C63000F341D /* KeychainWrapper.swift */,
				FD53DDE2238B5C89000F341D /* KeychainItemAccessibility.swift */,
			);
			path = SwiftKeychainWrapper;
			sourceTree = "<group>";
		};
		FD53DDE6238B5F7D000F341D /* Views */ = {
			isa = PBXGroup;
			children = (
				FD8E404225B016000078B68A /* TopicList */,
				FD18AB7A23FB4F4300537D04 /* CategoryList */,
				FD71123823B997CF00B24384 /* Post List */,
				FD53DDE7238B5F8A000F341D /* LoginViewController.swift */,
				FD53DDEC238B79A8000F341D /* HomeViewController.swift */,
				FD65030323BAC01900F110C5 /* NetworkImageView.swift */,
			);
			path = Views;
			sourceTree = "<group>";
		};
		FD53DDE9238B6BDA000F341D /* Coordinator */ = {
			isa = PBXGroup;
			children = (
				FD53DDEA238B6BE6000F341D /* MainCoordinator.swift */,
				FD19C44F239DC43500AFBE0E /* CategoryListCoordinator.swift */,
				FD19C453239DC93E00AFBE0E /* TopicListCoordinator.swift */,
				FD0A9A7E23B0329700715BAD /* PostListCoordinator.swift */,
				FD19C451239DC54100AFBE0E /* SettingsCoordinator.swift */,
			);
			path = Coordinator;
			sourceTree = "<group>";
		};
		FD54661B23A6CB68007556F2 /* Logging */ = {
			isa = PBXGroup;
			children = (
				FD54661C23A6CB85007556F2 /* Logging.swift */,
			);
			path = Logging;
			sourceTree = "<group>";
		};
		FD5F001723A6E1AF00E319F3 /* Debug */ = {
			isa = PBXGroup;
			children = (
				FD5F001823A6E1BF00E319F3 /* DebugOptionsManager.swift */,
			);
			path = Debug;
			sourceTree = "<group>";
		};
		FD5F74B0238B4CA100DCEED3 = {
			isa = PBXGroup;
			children = (
				FDCA86912394A03A00E41718 /* Client */,
				FDCA868A239496A300E41718 /* DataProvider */,
				FD19C458239DCCDB00AFBE0E /* Data Actions */,
				FDCA86782394392300E41718 /* Utilities */,
				FD53DDE9238B6BDA000F341D /* Coordinator */,
				FD53DDE6238B5F7D000F341D /* Views */,
				FD53DDDF238B5C3C000F341D /* SwiftKeychainWrapper */,
				FD53DDDC238B584A000F341D /* Managers */,
				FD5F74BB238B4CA100DCEED3 /* Peynir */,
				FD5F74D5238B4CA200DCEED3 /* PeynirTests */,
				FD5F74E0238B4CA200DCEED3 /* PeynirUITests */,
				FD5F74BA238B4CA100DCEED3 /* Products */,
				C1CE56807BCCBBC45E9B1115 /* Pods */,
				74F381F00F1D55DE266B7890 /* Frameworks */,
			);
			sourceTree = "<group>";
		};
		FD5F74BA238B4CA100DCEED3 /* Products */ = {
			isa = PBXGroup;
			children = (
				FD5F74B9238B4CA100DCEED3 /* Peynir.app */,
				FD5F74D2238B4CA200DCEED3 /* PeynirTests.xctest */,
				FD5F74DD238B4CA200DCEED3 /* PeynirUITests.xctest */,
			);
			name = Products;
			sourceTree = "<group>";
		};
		FD5F74BB238B4CA100DCEED3 /* Peynir */ = {
			isa = PBXGroup;
			children = (
				FDCA868223944F3500E41718 /* Peynir.entitlements */,
				FD5F74BC238B4CA100DCEED3 /* AppDelegate.swift */,
				FD5F74BE238B4CA100DCEED3 /* SceneDelegate.swift */,
				FD5F74C0238B4CA100DCEED3 /* RootViewController.swift */,
				FD5F74C8238B4CA200DCEED3 /* Assets.xcassets */,
				FD5F74CA238B4CA200DCEED3 /* LaunchScreen.storyboard */,
				FD5F74CD238B4CA200DCEED3 /* Info.plist */,
				FD5F74C5238B4CA100DCEED3 /* Peynir.xcdatamodeld */,
			);
			path = Peynir;
			sourceTree = "<group>";
		};
		FD5F74D5238B4CA200DCEED3 /* PeynirTests */ = {
			isa = PBXGroup;
			children = (
				FD5F74D6238B4CA200DCEED3 /* PeynirTests.swift */,
				FD5F74D8238B4CA200DCEED3 /* Info.plist */,
			);
			path = PeynirTests;
			sourceTree = "<group>";
		};
		FD5F74E0238B4CA200DCEED3 /* PeynirUITests */ = {
			isa = PBXGroup;
			children = (
				FD5F74E1238B4CA200DCEED3 /* PeynirUITests.swift */,
				FD5F74E3238B4CA200DCEED3 /* Info.plist */,
			);
			path = PeynirUITests;
			sourceTree = "<group>";
		};
		FD65030723BAC9D000F110C5 /* Post Cell */ = {
			isa = PBXGroup;
			children = (
				FDE14C7123CBA1740074DD57 /* Metadata */,
				FDE14C7223CBA17C0074DD57 /* Content */,
			);
			path = "Post Cell";
			sourceTree = "<group>";
		};
		FD71123823B997CF00B24384 /* Post List */ = {
			isa = PBXGroup;
			children = (
				FD0A9A7A23B02F2500715BAD /* PostListViewController.swift */,
				FD65030723BAC9D000F110C5 /* Post Cell */,
			);
			path = "Post List";
			sourceTree = "<group>";
		};
		FD8E404225B016000078B68A /* TopicList */ = {
			isa = PBXGroup;
			children = (
				FD19C455239DCA2C00AFBE0E /* TopicListViewController.swift */,
				FD8E404325B0161D0078B68A /* TopicListTableViewCell.swift */,
				FD8E404E25B016B60078B68A /* TopicListTableViewCellViewModel.swift */,
			);
			path = TopicList;
			sourceTree = "<group>";
		};
		FDCA86782394392300E41718 /* Utilities */ = {
			isa = PBXGroup;
			children = (
				FD0705A1243D4600006AA1B7 /* Observable */,
				FDDF124023CBAB4E0061AD3D /* Time */,
				FD5F001723A6E1AF00E319F3 /* Debug */,
				FD54661B23A6CB68007556F2 /* Logging */,
				FDCA86792394395400E41718 /* JSON.swift */,
				FD9A665B2394B6AB00A10060 /* String+Extensions.swift */,
				FD9A665D2394B6EA00A10060 /* Result+Extensions.swift */,
				FD65030523BAC1F200F110C5 /* UIView+Extensions.swift */,
				FD61ADBF24CE99C100FEAF8E /* Array+Extensions.swift */,
			);
			path = Utilities;
			sourceTree = "<group>";
		};
		FDCA868A239496A300E41718 /* DataProvider */ = {
			isa = PBXGroup;
			children = (
				FDCA868B239496B000E41718 /* DataProvider.swift */,
				FDCA868D2394980400E41718 /* CategoryListDataProvider.swift */,
				FD8161F1239C681C005F65B2 /* TopicListDataProvider.swift */,
				FD0A9A7823B02C5400715BAD /* PostListDataProvider.swift */,
			);
			path = DataProvider;
			sourceTree = "<group>";
		};
		FDCA86912394A03A00E41718 /* Client */ = {
			isa = PBXGroup;
			children = (
				FDCA86922394A04700E41718 /* Data */,
				FDCA868F2394987600E41718 /* APIClient.swift */,
			);
			path = Client;
			sourceTree = "<group>";
		};
		FDCA86922394A04700E41718 /* Data */ = {
			isa = PBXGroup;
			children = (
				FDCA86932394A05500E41718 /* Category.swift */,
				FDCA86952394A07D00E41718 /* CategoryList.swift */,
				FD8161F3239C6841005F65B2 /* Topic.swift */,
				FD8161F5239C6AC4005F65B2 /* TopicList.swift */,
				FD0A9A7423B02ADF00715BAD /* PostList.swift */,
				FD0A9A7623B02AF800715BAD /* Post.swift */,
			);
			path = Data;
			sourceTree = "<group>";
		};
		FDDF124023CBAB4E0061AD3D /* Time */ = {
			isa = PBXGroup;
			children = (
				FDDF124123CBAB590061AD3D /* TimeFormatter.swift */,
			);
			path = Time;
			sourceTree = "<group>";
		};
		FDE14C7123CBA1740074DD57 /* Metadata */ = {
			isa = PBXGroup;
			children = (
				FD65030823BAC9E400F110C5 /* PostMetadataView.swift */,
				FD6F7E6123CB96040042C513 /* PostMetadataViewModel.swift */,
			);
			path = Metadata;
			sourceTree = "<group>";
		};
		FDE14C7223CBA17C0074DD57 /* Content */ = {
			isa = PBXGroup;
			children = (
				FD71123923B9981000B24384 /* PostContentView.swift */,
				FD2937E723B999AD007F1AF9 /* PostCell.swift */,
			);
			path = Content;
			sourceTree = "<group>";
		};
		FDEE267E25B0CCA300E644D0 /* Cache */ = {
			isa = PBXGroup;
			children = (
				FDEE267F25B0CD3C00E644D0 /* CacheManagerInterface.swift */,
			);
			path = Cache;
			sourceTree = "<group>";
		};
/* End PBXGroup section */

/* Begin PBXNativeTarget section */
		FD5F74B8238B4CA100DCEED3 /* Peynir */ = {
			isa = PBXNativeTarget;
			buildConfigurationList = FD5F74E6238B4CA200DCEED3 /* Build configuration list for PBXNativeTarget "Peynir" */;
			buildPhases = (
				6BF951B6958DD6B3999B958A /* [CP] Check Pods Manifest.lock */,
				FD5F74B5238B4CA100DCEED3 /* Sources */,
				FD5F74B6238B4CA100DCEED3 /* Frameworks */,
				FD5F74B7238B4CA100DCEED3 /* Resources */,
				FD0705A0243D4218006AA1B7 /* ShellScript */,
				09A564406D5AF35ACDC189E0 /* [CP] Embed Pods Frameworks */,
			);
			buildRules = (
			);
			dependencies = (
			);
			name = Peynir;
			productName = Peynir;
			productReference = FD5F74B9238B4CA100DCEED3 /* Peynir.app */;
			productType = "com.apple.product-type.application";
		};
		FD5F74D1238B4CA200DCEED3 /* PeynirTests */ = {
			isa = PBXNativeTarget;
			buildConfigurationList = FD5F74E9238B4CA200DCEED3 /* Build configuration list for PBXNativeTarget "PeynirTests" */;
			buildPhases = (
				FD5F74CE238B4CA200DCEED3 /* Sources */,
				FD5F74CF238B4CA200DCEED3 /* Frameworks */,
				FD5F74D0238B4CA200DCEED3 /* Resources */,
			);
			buildRules = (
			);
			dependencies = (
				FD5F74D4238B4CA200DCEED3 /* PBXTargetDependency */,
			);
			name = PeynirTests;
			productName = PeynirTests;
			productReference = FD5F74D2238B4CA200DCEED3 /* PeynirTests.xctest */;
			productType = "com.apple.product-type.bundle.unit-test";
		};
		FD5F74DC238B4CA200DCEED3 /* PeynirUITests */ = {
			isa = PBXNativeTarget;
			buildConfigurationList = FD5F74EC238B4CA200DCEED3 /* Build configuration list for PBXNativeTarget "PeynirUITests" */;
			buildPhases = (
				FD5F74D9238B4CA200DCEED3 /* Sources */,
				FD5F74DA238B4CA200DCEED3 /* Frameworks */,
				FD5F74DB238B4CA200DCEED3 /* Resources */,
			);
			buildRules = (
			);
			dependencies = (
				FD5F74DF238B4CA200DCEED3 /* PBXTargetDependency */,
			);
			name = PeynirUITests;
			productName = PeynirUITests;
			productReference = FD5F74DD238B4CA200DCEED3 /* PeynirUITests.xctest */;
			productType = "com.apple.product-type.bundle.ui-testing";
		};
/* End PBXNativeTarget section */

/* Begin PBXProject section */
		FD5F74B1238B4CA100DCEED3 /* Project object */ = {
			isa = PBXProject;
			attributes = {
				LastSwiftUpdateCheck = 1120;
				LastUpgradeCheck = 1230;
				ORGANIZATIONNAME = "Tolga AKIN";
				TargetAttributes = {
					FD5F74B8238B4CA100DCEED3 = {
						CreatedOnToolsVersion = 11.2;
					};
					FD5F74D1238B4CA200DCEED3 = {
						CreatedOnToolsVersion = 11.2;
						TestTargetID = FD5F74B8238B4CA100DCEED3;
					};
					FD5F74DC238B4CA200DCEED3 = {
						CreatedOnToolsVersion = 11.2;
						TestTargetID = FD5F74B8238B4CA100DCEED3;
					};
				};
			};
			buildConfigurationList = FD5F74B4238B4CA100DCEED3 /* Build configuration list for PBXProject "Peynir" */;
			compatibilityVersion = "Xcode 9.3";
			developmentRegion = en;
			hasScannedForEncodings = 0;
			knownRegions = (
				en,
				Base,
			);
			mainGroup = FD5F74B0238B4CA100DCEED3;
			productRefGroup = FD5F74BA238B4CA100DCEED3 /* Products */;
			projectDirPath = "";
			projectRoot = "";
			targets = (
				FD5F74B8238B4CA100DCEED3 /* Peynir */,
				FD5F74D1238B4CA200DCEED3 /* PeynirTests */,
				FD5F74DC238B4CA200DCEED3 /* PeynirUITests */,
			);
		};
/* End PBXProject section */

/* Begin PBXResourcesBuildPhase section */
		FD5F74B7238B4CA100DCEED3 /* Resources */ = {
			isa = PBXResourcesBuildPhase;
			buildActionMask = 2147483647;
			files = (
				FD5F74CC238B4CA200DCEED3 /* LaunchScreen.storyboard in Resources */,
				FD5F74C9238B4CA200DCEED3 /* Assets.xcassets in Resources */,
			);
			runOnlyForDeploymentPostprocessing = 0;
		};
		FD5F74D0238B4CA200DCEED3 /* Resources */ = {
			isa = PBXResourcesBuildPhase;
			buildActionMask = 2147483647;
			files = (
			);
			runOnlyForDeploymentPostprocessing = 0;
		};
		FD5F74DB238B4CA200DCEED3 /* Resources */ = {
			isa = PBXResourcesBuildPhase;
			buildActionMask = 2147483647;
			files = (
			);
			runOnlyForDeploymentPostprocessing = 0;
		};
/* End PBXResourcesBuildPhase section */

/* Begin PBXShellScriptBuildPhase section */
		09A564406D5AF35ACDC189E0 /* [CP] Embed Pods Frameworks */ = {
			isa = PBXShellScriptBuildPhase;
			buildActionMask = 2147483647;
			files = (
			);
			inputFileListPaths = (
				"${PODS_ROOT}/Target Support Files/Pods-Peynir/Pods-Peynir-frameworks-${CONFIGURATION}-input-files.xcfilelist",
			);
			name = "[CP] Embed Pods Frameworks";
			outputFileListPaths = (
				"${PODS_ROOT}/Target Support Files/Pods-Peynir/Pods-Peynir-frameworks-${CONFIGURATION}-output-files.xcfilelist",
			);
			runOnlyForDeploymentPostprocessing = 0;
			shellPath = /bin/sh;
			shellScript = "\"${PODS_ROOT}/Target Support Files/Pods-Peynir/Pods-Peynir-frameworks.sh\"\n";
			showEnvVarsInLog = 0;
		};
		6BF951B6958DD6B3999B958A /* [CP] Check Pods Manifest.lock */ = {
			isa = PBXShellScriptBuildPhase;
			buildActionMask = 2147483647;
			files = (
			);
			inputFileListPaths = (
			);
			inputPaths = (
				"${PODS_PODFILE_DIR_PATH}/Podfile.lock",
				"${PODS_ROOT}/Manifest.lock",
			);
			name = "[CP] Check Pods Manifest.lock";
			outputFileListPaths = (
			);
			outputPaths = (
				"$(DERIVED_FILE_DIR)/Pods-Peynir-checkManifestLockResult.txt",
			);
			runOnlyForDeploymentPostprocessing = 0;
			shellPath = /bin/sh;
			shellScript = "diff \"${PODS_PODFILE_DIR_PATH}/Podfile.lock\" \"${PODS_ROOT}/Manifest.lock\" > /dev/null\nif [ $? != 0 ] ; then\n    # print error to STDERR\n    echo \"error: The sandbox is not in sync with the Podfile.lock. Run 'pod install' or update your CocoaPods installation.\" >&2\n    exit 1\nfi\n# This output is used by Xcode 'outputs' to avoid re-running this script phase.\necho \"SUCCESS\" > \"${SCRIPT_OUTPUT_FILE_0}\"\n";
			showEnvVarsInLog = 0;
		};
		FD0705A0243D4218006AA1B7 /* ShellScript */ = {
			isa = PBXShellScriptBuildPhase;
			buildActionMask = 2147483647;
			files = (
			);
			inputFileListPaths = (
			);
			inputPaths = (
			);
			outputFileListPaths = (
			);
			outputPaths = (
			);
			runOnlyForDeploymentPostprocessing = 0;
			shellPath = /bin/sh;
			shellScript = "REVEAL_APP_PATH=$(mdfind kMDItemCFBundleIdentifier=\"com.ittybittyapps.Reveal2\" | head -n 1)\nBUILD_SCRIPT_PATH=\"${REVEAL_APP_PATH}/Contents/SharedSupport/Scripts/reveal_server_build_phase.sh\"\nif [ \"${REVEAL_APP_PATH}\" -a -e \"${BUILD_SCRIPT_PATH}\" ]; then\n    \"${BUILD_SCRIPT_PATH}\"\nelse\n    echo \"Reveal Server not loaded: Cannot find a compatible Reveal app.\"\nfi\n";
		};
/* End PBXShellScriptBuildPhase section */

/* Begin PBXSourcesBuildPhase section */
		FD5F74B5238B4CA100DCEED3 /* Sources */ = {
			isa = PBXSourcesBuildPhase;
			buildActionMask = 2147483647;
			files = (
				FD53DDE8238B5F8A000F341D /* LoginViewController.swift in Sources */,
				FD9A665C2394B6AB00A10060 /* String+Extensions.swift in Sources */,
				FD6F7E6223CB96040042C513 /* PostMetadataViewModel.swift in Sources */,
				FD0705A3243D4611006AA1B7 /* Observable.swift in Sources */,
				FD53DDDE238B585B000F341D /* LoginManager.swift in Sources */,
				FD8E404425B0161D0078B68A /* TopicListTableViewCell.swift in Sources */,
				FDCA86942394A05500E41718 /* Category.swift in Sources */,
				FD19C454239DC93E00AFBE0E /* TopicListCoordinator.swift in Sources */,
				FDCA868C239496B000E41718 /* DataProvider.swift in Sources */,
				FDCA868E2394980400E41718 /* CategoryListDataProvider.swift in Sources */,
				FD65030423BAC01900F110C5 /* NetworkImageView.swift in Sources */,
				FD9A665E2394B6EA00A10060 /* Result+Extensions.swift in Sources */,
				FD53DDEB238B6BE6000F341D /* MainCoordinator.swift in Sources */,
				FD8161F2239C681C005F65B2 /* TopicListDataProvider.swift in Sources */,
				FDCA867A2394395400E41718 /* JSON.swift in Sources */,
				FDCA86962394A07D00E41718 /* CategoryList.swift in Sources */,
				FD19C456239DCA2C00AFBE0E /* TopicListViewController.swift in Sources */,
				FD0A9A7523B02ADF00715BAD /* PostList.swift in Sources */,
				FD18AB7E23FB4F9F00537D04 /* CategoryListCellViewModel.swift in Sources */,
				FD5F74C1238B4CA100DCEED3 /* RootViewController.swift in Sources */,
				FD0A9A7D23B030E300715BAD /* TopicListActionHandler.swift in Sources */,
				FD81F64C24E8FF11009CFE1B /* WebSnapshotManager.swift in Sources */,
				FD5F001923A6E1BF00E319F3 /* DebugOptionsManager.swift in Sources */,
				FD0A9A7B23B02F2500715BAD /* PostListViewController.swift in Sources */,
				FDCA86892394964A00E41718 /* CategoryListViewController.swift in Sources */,
				FD8161F4239C6841005F65B2 /* Topic.swift in Sources */,
				FD61ADC024CE99C100FEAF8E /* Array+Extensions.swift in Sources */,
				FD65030623BAC1F200F110C5 /* UIView+Extensions.swift in Sources */,
				FD5F74BD238B4CA100DCEED3 /* AppDelegate.swift in Sources */,
				FDDF124223CBAB5A0061AD3D /* TimeFormatter.swift in Sources */,
				FD18AB7C23FB4F5900537D04 /* CategoryListCell.swift in Sources */,
				FD53DDE1238B5C63000F341D /* KeychainWrapper.swift in Sources */,
				FD0A9A7723B02AF800715BAD /* Post.swift in Sources */,
				FDEE268025B0CD3C00E644D0 /* CacheManagerInterface.swift in Sources */,
				FD5F74C7238B4CA100DCEED3 /* Peynir.xcdatamodeld in Sources */,
				FD8161F6239C6AC4005F65B2 /* TopicList.swift in Sources */,
				FD0A9A7F23B0329700715BAD /* PostListCoordinator.swift in Sources */,
				FD0A9A7923B02C5400715BAD /* PostListDataProvider.swift in Sources */,
				FD53DDED238B79A8000F341D /* HomeViewController.swift in Sources */,
				FD65030923BAC9E400F110C5 /* PostMetadataView.swift in Sources */,
				FD19C45A239DCCF900AFBE0E /* CategoryListActionHandler.swift in Sources */,
				FD53DDE3238B5C89000F341D /* KeychainItemAccessibility.swift in Sources */,
				FD19C450239DC43500AFBE0E /* CategoryListCoordinator.swift in Sources */,
				FD19C452239DC54100AFBE0E /* SettingsCoordinator.swift in Sources */,
				FD54661D23A6CB85007556F2 /* Logging.swift in Sources */,
				FDCA86862394764400E41718 /* NetworkManager.swift in Sources */,
				FD53DDE5238B5CAE000F341D /* UserInfoManager.swift in Sources */,
				FD5F74BF238B4CA100DCEED3 /* SceneDelegate.swift in Sources */,
				FD71123A23B9981000B24384 /* PostContentView.swift in Sources */,
				FDCA86902394987600E41718 /* APIClient.swift in Sources */,
				FD8E404F25B016B60078B68A /* TopicListTableViewCellViewModel.swift in Sources */,
				FD2937E823B999AD007F1AF9 /* PostCell.swift in Sources */,
			);
			runOnlyForDeploymentPostprocessing = 0;
		};
		FD5F74CE238B4CA200DCEED3 /* Sources */ = {
			isa = PBXSourcesBuildPhase;
			buildActionMask = 2147483647;
			files = (
				FD5F74D7238B4CA200DCEED3 /* PeynirTests.swift in Sources */,
			);
			runOnlyForDeploymentPostprocessing = 0;
		};
		FD5F74D9238B4CA200DCEED3 /* Sources */ = {
			isa = PBXSourcesBuildPhase;
			buildActionMask = 2147483647;
			files = (
				FD5F74E2238B4CA200DCEED3 /* PeynirUITests.swift in Sources */,
			);
			runOnlyForDeploymentPostprocessing = 0;
		};
/* End PBXSourcesBuildPhase section */

/* Begin PBXTargetDependency section */
		FD5F74D4238B4CA200DCEED3 /* PBXTargetDependency */ = {
			isa = PBXTargetDependency;
			target = FD5F74B8238B4CA100DCEED3 /* Peynir */;
			targetProxy = FD5F74D3238B4CA200DCEED3 /* PBXContainerItemProxy */;
		};
		FD5F74DF238B4CA200DCEED3 /* PBXTargetDependency */ = {
			isa = PBXTargetDependency;
			target = FD5F74B8238B4CA100DCEED3 /* Peynir */;
			targetProxy = FD5F74DE238B4CA200DCEED3 /* PBXContainerItemProxy */;
		};
/* End PBXTargetDependency section */

/* Begin PBXVariantGroup section */
		FD5F74CA238B4CA200DCEED3 /* LaunchScreen.storyboard */ = {
			isa = PBXVariantGroup;
			children = (
				FD5F74CB238B4CA200DCEED3 /* Base */,
			);
			name = LaunchScreen.storyboard;
			sourceTree = "<group>";
		};
/* End PBXVariantGroup section */

/* Begin XCBuildConfiguration section */
		FD5F74E4238B4CA200DCEED3 /* Debug */ = {
			isa = XCBuildConfiguration;
			buildSettings = {
				ALWAYS_SEARCH_USER_PATHS = NO;
				CLANG_ANALYZER_NONNULL = YES;
				CLANG_ANALYZER_NUMBER_OBJECT_CONVERSION = YES_AGGRESSIVE;
				CLANG_CXX_LANGUAGE_STANDARD = "gnu++14";
				CLANG_CXX_LIBRARY = "libc++";
				CLANG_ENABLE_MODULES = YES;
				CLANG_ENABLE_OBJC_ARC = YES;
				CLANG_ENABLE_OBJC_WEAK = YES;
				CLANG_WARN_BLOCK_CAPTURE_AUTORELEASING = YES;
				CLANG_WARN_BOOL_CONVERSION = YES;
				CLANG_WARN_COMMA = YES;
				CLANG_WARN_CONSTANT_CONVERSION = YES;
				CLANG_WARN_DEPRECATED_OBJC_IMPLEMENTATIONS = YES;
				CLANG_WARN_DIRECT_OBJC_ISA_USAGE = YES_ERROR;
				CLANG_WARN_DOCUMENTATION_COMMENTS = YES;
				CLANG_WARN_EMPTY_BODY = YES;
				CLANG_WARN_ENUM_CONVERSION = YES;
				CLANG_WARN_INFINITE_RECURSION = YES;
				CLANG_WARN_INT_CONVERSION = YES;
				CLANG_WARN_NON_LITERAL_NULL_CONVERSION = YES;
				CLANG_WARN_OBJC_IMPLICIT_RETAIN_SELF = YES;
				CLANG_WARN_OBJC_LITERAL_CONVERSION = YES;
				CLANG_WARN_OBJC_ROOT_CLASS = YES_ERROR;
				CLANG_WARN_QUOTED_INCLUDE_IN_FRAMEWORK_HEADER = YES;
				CLANG_WARN_RANGE_LOOP_ANALYSIS = YES;
				CLANG_WARN_STRICT_PROTOTYPES = YES;
				CLANG_WARN_SUSPICIOUS_MOVE = YES;
				CLANG_WARN_UNGUARDED_AVAILABILITY = YES_AGGRESSIVE;
				CLANG_WARN_UNREACHABLE_CODE = YES;
				CLANG_WARN__DUPLICATE_METHOD_MATCH = YES;
				COPY_PHASE_STRIP = NO;
				DEBUG_INFORMATION_FORMAT = dwarf;
				ENABLE_STRICT_OBJC_MSGSEND = YES;
				ENABLE_TESTABILITY = YES;
				GCC_C_LANGUAGE_STANDARD = gnu11;
				GCC_DYNAMIC_NO_PIC = NO;
				GCC_NO_COMMON_BLOCKS = YES;
				GCC_OPTIMIZATION_LEVEL = 0;
				GCC_PREPROCESSOR_DEFINITIONS = (
					"DEBUG=1",
					"$(inherited)",
				);
				GCC_WARN_64_TO_32_BIT_CONVERSION = YES;
				GCC_WARN_ABOUT_RETURN_TYPE = YES_ERROR;
				GCC_WARN_UNDECLARED_SELECTOR = YES;
				GCC_WARN_UNINITIALIZED_AUTOS = YES_AGGRESSIVE;
				GCC_WARN_UNUSED_FUNCTION = YES;
				GCC_WARN_UNUSED_VARIABLE = YES;
				IPHONEOS_DEPLOYMENT_TARGET = 13.1;
				MTL_ENABLE_DEBUG_INFO = INCLUDE_SOURCE;
				MTL_FAST_MATH = YES;
				ONLY_ACTIVE_ARCH = YES;
				SDKROOT = iphoneos;
				SWIFT_ACTIVE_COMPILATION_CONDITIONS = DEBUG;
				SWIFT_OPTIMIZATION_LEVEL = "-Onone";
			};
			name = Debug;
		};
		FD5F74E5238B4CA200DCEED3 /* Release */ = {
			isa = XCBuildConfiguration;
			buildSettings = {
				ALWAYS_SEARCH_USER_PATHS = NO;
				CLANG_ANALYZER_NONNULL = YES;
				CLANG_ANALYZER_NUMBER_OBJECT_CONVERSION = YES_AGGRESSIVE;
				CLANG_CXX_LANGUAGE_STANDARD = "gnu++14";
				CLANG_CXX_LIBRARY = "libc++";
				CLANG_ENABLE_MODULES = YES;
				CLANG_ENABLE_OBJC_ARC = YES;
				CLANG_ENABLE_OBJC_WEAK = YES;
				CLANG_WARN_BLOCK_CAPTURE_AUTORELEASING = YES;
				CLANG_WARN_BOOL_CONVERSION = YES;
				CLANG_WARN_COMMA = YES;
				CLANG_WARN_CONSTANT_CONVERSION = YES;
				CLANG_WARN_DEPRECATED_OBJC_IMPLEMENTATIONS = YES;
				CLANG_WARN_DIRECT_OBJC_ISA_USAGE = YES_ERROR;
				CLANG_WARN_DOCUMENTATION_COMMENTS = YES;
				CLANG_WARN_EMPTY_BODY = YES;
				CLANG_WARN_ENUM_CONVERSION = YES;
				CLANG_WARN_INFINITE_RECURSION = YES;
				CLANG_WARN_INT_CONVERSION = YES;
				CLANG_WARN_NON_LITERAL_NULL_CONVERSION = YES;
				CLANG_WARN_OBJC_IMPLICIT_RETAIN_SELF = YES;
				CLANG_WARN_OBJC_LITERAL_CONVERSION = YES;
				CLANG_WARN_OBJC_ROOT_CLASS = YES_ERROR;
				CLANG_WARN_QUOTED_INCLUDE_IN_FRAMEWORK_HEADER = YES;
				CLANG_WARN_RANGE_LOOP_ANALYSIS = YES;
				CLANG_WARN_STRICT_PROTOTYPES = YES;
				CLANG_WARN_SUSPICIOUS_MOVE = YES;
				CLANG_WARN_UNGUARDED_AVAILABILITY = YES_AGGRESSIVE;
				CLANG_WARN_UNREACHABLE_CODE = YES;
				CLANG_WARN__DUPLICATE_METHOD_MATCH = YES;
				COPY_PHASE_STRIP = NO;
				DEBUG_INFORMATION_FORMAT = "dwarf-with-dsym";
				ENABLE_NS_ASSERTIONS = NO;
				ENABLE_STRICT_OBJC_MSGSEND = YES;
				GCC_C_LANGUAGE_STANDARD = gnu11;
				GCC_NO_COMMON_BLOCKS = YES;
				GCC_WARN_64_TO_32_BIT_CONVERSION = YES;
				GCC_WARN_ABOUT_RETURN_TYPE = YES_ERROR;
				GCC_WARN_UNDECLARED_SELECTOR = YES;
				GCC_WARN_UNINITIALIZED_AUTOS = YES_AGGRESSIVE;
				GCC_WARN_UNUSED_FUNCTION = YES;
				GCC_WARN_UNUSED_VARIABLE = YES;
				IPHONEOS_DEPLOYMENT_TARGET = 13.1;
				MTL_ENABLE_DEBUG_INFO = NO;
				MTL_FAST_MATH = YES;
				SDKROOT = iphoneos;
				SWIFT_COMPILATION_MODE = wholemodule;
				SWIFT_OPTIMIZATION_LEVEL = "-O";
				VALIDATE_PRODUCT = YES;
			};
			name = Release;
		};
		FD5F74E7238B4CA200DCEED3 /* Debug */ = {
			isa = XCBuildConfiguration;
			baseConfigurationReference = B29A5A7FD7140D04D1A9C456 /* Pods-Peynir.debug.xcconfig */;
			buildSettings = {
				ASSETCATALOG_COMPILER_APPICON_NAME = AppIcon;
				CODE_SIGN_ENTITLEMENTS = Peynir/Peynir.entitlements;
				CODE_SIGN_STYLE = Automatic;
				DEVELOPMENT_TEAM = 286BN4BY9J;
				INFOPLIST_FILE = Peynir/Info.plist;
				IPHONEOS_DEPLOYMENT_TARGET = 13.1;
				LD_RUNPATH_SEARCH_PATHS = (
					"$(inherited)",
					"@executable_path/Frameworks",
				);
				PRODUCT_BUNDLE_IDENTIFIER = com.tolgaakin.Peynir;
				PRODUCT_NAME = "$(TARGET_NAME)";
				SWIFT_VERSION = 5.0;
				TARGETED_DEVICE_FAMILY = "1,2";
			};
			name = Debug;
		};
		FD5F74E8238B4CA200DCEED3 /* Release */ = {
			isa = XCBuildConfiguration;
			baseConfigurationReference = 1C516DE7E4752814F7B71AE4 /* Pods-Peynir.release.xcconfig */;
			buildSettings = {
				ASSETCATALOG_COMPILER_APPICON_NAME = AppIcon;
				CODE_SIGN_ENTITLEMENTS = Peynir/Peynir.entitlements;
				CODE_SIGN_STYLE = Automatic;
				DEVELOPMENT_TEAM = 286BN4BY9J;
				INFOPLIST_FILE = Peynir/Info.plist;
				IPHONEOS_DEPLOYMENT_TARGET = 13.1;
				LD_RUNPATH_SEARCH_PATHS = (
					"$(inherited)",
					"@executable_path/Frameworks",
				);
				PRODUCT_BUNDLE_IDENTIFIER = com.tolgaakin.Peynir;
				PRODUCT_NAME = "$(TARGET_NAME)";
				SWIFT_VERSION = 5.0;
				TARGETED_DEVICE_FAMILY = "1,2";
			};
			name = Release;
		};
		FD5F74EA238B4CA200DCEED3 /* Debug */ = {
			isa = XCBuildConfiguration;
			buildSettings = {
				ALWAYS_EMBED_SWIFT_STANDARD_LIBRARIES = YES;
				BUNDLE_LOADER = "$(TEST_HOST)";
				CODE_SIGN_STYLE = Automatic;
				DEVELOPMENT_TEAM = 286BN4BY9J;
				INFOPLIST_FILE = PeynirTests/Info.plist;
				IPHONEOS_DEPLOYMENT_TARGET = 13.2;
				LD_RUNPATH_SEARCH_PATHS = (
					"$(inherited)",
					"@executable_path/Frameworks",
					"@loader_path/Frameworks",
				);
				PRODUCT_BUNDLE_IDENTIFIER = com.tolgaakin.PeynirTests;
				PRODUCT_NAME = "$(TARGET_NAME)";
				SWIFT_VERSION = 5.0;
				TARGETED_DEVICE_FAMILY = "1,2";
				TEST_HOST = "$(BUILT_PRODUCTS_DIR)/Peynir.app/Peynir";
			};
			name = Debug;
		};
		FD5F74EB238B4CA200DCEED3 /* Release */ = {
			isa = XCBuildConfiguration;
			buildSettings = {
				ALWAYS_EMBED_SWIFT_STANDARD_LIBRARIES = YES;
				BUNDLE_LOADER = "$(TEST_HOST)";
				CODE_SIGN_STYLE = Automatic;
				DEVELOPMENT_TEAM = 286BN4BY9J;
				INFOPLIST_FILE = PeynirTests/Info.plist;
				IPHONEOS_DEPLOYMENT_TARGET = 13.2;
				LD_RUNPATH_SEARCH_PATHS = (
					"$(inherited)",
					"@executable_path/Frameworks",
					"@loader_path/Frameworks",
				);
				PRODUCT_BUNDLE_IDENTIFIER = com.tolgaakin.PeynirTests;
				PRODUCT_NAME = "$(TARGET_NAME)";
				SWIFT_VERSION = 5.0;
				TARGETED_DEVICE_FAMILY = "1,2";
				TEST_HOST = "$(BUILT_PRODUCTS_DIR)/Peynir.app/Peynir";
			};
			name = Release;
		};
		FD5F74ED238B4CA200DCEED3 /* Debug */ = {
			isa = XCBuildConfiguration;
			buildSettings = {
				ALWAYS_EMBED_SWIFT_STANDARD_LIBRARIES = YES;
				CODE_SIGN_STYLE = Automatic;
				DEVELOPMENT_TEAM = 286BN4BY9J;
				INFOPLIST_FILE = PeynirUITests/Info.plist;
				LD_RUNPATH_SEARCH_PATHS = (
					"$(inherited)",
					"@executable_path/Frameworks",
					"@loader_path/Frameworks",
				);
				PRODUCT_BUNDLE_IDENTIFIER = com.tolgaakin.PeynirUITests;
				PRODUCT_NAME = "$(TARGET_NAME)";
				SWIFT_VERSION = 5.0;
				TARGETED_DEVICE_FAMILY = "1,2";
				TEST_TARGET_NAME = Peynir;
			};
			name = Debug;
		};
		FD5F74EE238B4CA200DCEED3 /* Release */ = {
			isa = XCBuildConfiguration;
			buildSettings = {
				ALWAYS_EMBED_SWIFT_STANDARD_LIBRARIES = YES;
				CODE_SIGN_STYLE = Automatic;
				DEVELOPMENT_TEAM = 286BN4BY9J;
				INFOPLIST_FILE = PeynirUITests/Info.plist;
				LD_RUNPATH_SEARCH_PATHS = (
					"$(inherited)",
					"@executable_path/Frameworks",
					"@loader_path/Frameworks",
				);
				PRODUCT_BUNDLE_IDENTIFIER = com.tolgaakin.PeynirUITests;
				PRODUCT_NAME = "$(TARGET_NAME)";
				SWIFT_VERSION = 5.0;
				TARGETED_DEVICE_FAMILY = "1,2";
				TEST_TARGET_NAME = Peynir;
			};
			name = Release;
		};
/* End XCBuildConfiguration section */

/* Begin XCConfigurationList section */
		FD5F74B4238B4CA100DCEED3 /* Build configuration list for PBXProject "Peynir" */ = {
			isa = XCConfigurationList;
			buildConfigurations = (
				FD5F74E4238B4CA200DCEED3 /* Debug */,
				FD5F74E5238B4CA200DCEED3 /* Release */,
			);
			defaultConfigurationIsVisible = 0;
			defaultConfigurationName = Release;
		};
		FD5F74E6238B4CA200DCEED3 /* Build configuration list for PBXNativeTarget "Peynir" */ = {
			isa = XCConfigurationList;
			buildConfigurations = (
				FD5F74E7238B4CA200DCEED3 /* Debug */,
				FD5F74E8238B4CA200DCEED3 /* Release */,
			);
			defaultConfigurationIsVisible = 0;
			defaultConfigurationName = Release;
		};
		FD5F74E9238B4CA200DCEED3 /* Build configuration list for PBXNativeTarget "PeynirTests" */ = {
			isa = XCConfigurationList;
			buildConfigurations = (
				FD5F74EA238B4CA200DCEED3 /* Debug */,
				FD5F74EB238B4CA200DCEED3 /* Release */,
			);
			defaultConfigurationIsVisible = 0;
			defaultConfigurationName = Release;
		};
		FD5F74EC238B4CA200DCEED3 /* Build configuration list for PBXNativeTarget "PeynirUITests" */ = {
			isa = XCConfigurationList;
			buildConfigurations = (
				FD5F74ED238B4CA200DCEED3 /* Debug */,
				FD5F74EE238B4CA200DCEED3 /* Release */,
			);
			defaultConfigurationIsVisible = 0;
			defaultConfigurationName = Release;
		};
/* End XCConfigurationList section */

/* Begin XCVersionGroup section */
		FD5F74C5238B4CA100DCEED3 /* Peynir.xcdatamodeld */ = {
			isa = XCVersionGroup;
			children = (
				FD5F74C6238B4CA100DCEED3 /* Peynir.xcdatamodel */,
			);
			currentVersion = FD5F74C6238B4CA100DCEED3 /* Peynir.xcdatamodel */;
			path = Peynir.xcdatamodeld;
			sourceTree = "<group>";
			versionGroupType = wrapper.xcdatamodel;
		};
/* End XCVersionGroup section */
	};
	rootObject = FD5F74B1238B4CA100DCEED3 /* Project object */;
}
